// !$*UTF8*$!
{
	archiveVersion = 1;
	classes = {
	};
	objectVersion = 50;
	objects = {

/* Begin PBXBuildFile section */
		5E3C61D6C75495BDBAF6ACD0 /* Pods_News.framework in Frameworks */ = {isa = PBXBuildFile; fileRef = 73870945AB4232DED8610B55 /* Pods_News.framework */; };
		9B004F7920BAA6510094776E /* ChannelsViewController.swift in Sources */ = {isa = PBXBuildFile; fileRef = 9B004F7820BAA6510094776E /* ChannelsViewController.swift */; };
		9B004F7B20BAA6B50094776E /* BaseViewController.swift in Sources */ = {isa = PBXBuildFile; fileRef = 9B004F7A20BAA6B50094776E /* BaseViewController.swift */; };
		9B004F7D20BAA6C90094776E /* TableViewController.swift in Sources */ = {isa = PBXBuildFile; fileRef = 9B004F7C20BAA6C90094776E /* TableViewController.swift */; };
		9B004F8020BAB3EC0094776E /* RealmManger.swift in Sources */ = {isa = PBXBuildFile; fileRef = 9B004F7F20BAB3EC0094776E /* RealmManger.swift */; };
		9B004F8220BAC1CB0094776E /* FavoriteChannelsViewController.swift in Sources */ = {isa = PBXBuildFile; fileRef = 9B004F8120BAC1CB0094776E /* FavoriteChannelsViewController.swift */; };
		9B28FC1F20BA9D530075C72D /* DesignableView.swift in Sources */ = {isa = PBXBuildFile; fileRef = 9B28FC1E20BA9D530075C72D /* DesignableView.swift */; };
		9B33DE7820B176D30096D850 /* TableViewStructureDelegates.swift in Sources */ = {isa = PBXBuildFile; fileRef = 9B33DE7720B176D30096D850 /* TableViewStructureDelegates.swift */; };
		9B33DE7B20B177030096D850 /* BaseSectionHeaderView.swift in Sources */ = {isa = PBXBuildFile; fileRef = 9B33DE7920B177020096D850 /* BaseSectionHeaderView.swift */; };
		9B33DE7C20B177030096D850 /* BaseSectionHeaderView.xib in Resources */ = {isa = PBXBuildFile; fileRef = 9B33DE7A20B177030096D850 /* BaseSectionHeaderView.xib */; };
		9B33DE8120B177360096D850 /* BaseTableViewCell.swift in Sources */ = {isa = PBXBuildFile; fileRef = 9B33DE8020B177360096D850 /* BaseTableViewCell.swift */; };
		9B33DE8420B177420096D850 /* BaseCellModel.swift in Sources */ = {isa = PBXBuildFile; fileRef = 9B33DE8220B177410096D850 /* BaseCellModel.swift */; };
		9B33DE8520B177420096D850 /* BaseSectionHeaderModel.swift in Sources */ = {isa = PBXBuildFile; fileRef = 9B33DE8320B177420096D850 /* BaseSectionHeaderModel.swift */; };
		9B33DE8720B177660096D850 /* SimpleHeaderModel.swift in Sources */ = {isa = PBXBuildFile; fileRef = 9B33DE8620B177660096D850 /* SimpleHeaderModel.swift */; };
		9B33DE8B20B178360096D850 /* SourceTableViewCell.swift in Sources */ = {isa = PBXBuildFile; fileRef = 9B33DE8920B178360096D850 /* SourceTableViewCell.swift */; };
		9B33DE8C20B178360096D850 /* SourceTableViewCell.xib in Resources */ = {isa = PBXBuildFile; fileRef = 9B33DE8A20B178360096D850 /* SourceTableViewCell.xib */; };
		9B33DE8E20B178880096D850 /* SourceCellModel.swift in Sources */ = {isa = PBXBuildFile; fileRef = 9B33DE8D20B178880096D850 /* SourceCellModel.swift */; };
		9BF2E78320B0D54C00D09D2D /* AppDelegate.swift in Sources */ = {isa = PBXBuildFile; fileRef = 9BF2E78220B0D54C00D09D2D /* AppDelegate.swift */; };
		9BF2E78820B0D54C00D09D2D /* Main.storyboard in Resources */ = {isa = PBXBuildFile; fileRef = 9BF2E78620B0D54C00D09D2D /* Main.storyboard */; };
		9BF2E78A20B0D54E00D09D2D /* Assets.xcassets in Resources */ = {isa = PBXBuildFile; fileRef = 9BF2E78920B0D54E00D09D2D /* Assets.xcassets */; };
		9BF2E78D20B0D54E00D09D2D /* LaunchScreen.storyboard in Resources */ = {isa = PBXBuildFile; fileRef = 9BF2E78B20B0D54E00D09D2D /* LaunchScreen.storyboard */; };
		9BF2E79920B0DAC700D09D2D /* NetworkingManager.swift in Sources */ = {isa = PBXBuildFile; fileRef = 9BF2E79820B0DAC700D09D2D /* NetworkingManager.swift */; };
		9BF2E79C20B0DB3200D09D2D /* Constants.swift in Sources */ = {isa = PBXBuildFile; fileRef = 9BF2E79B20B0DB3200D09D2D /* Constants.swift */; };
		9BF2E79E20B0DBCD00D09D2D /* Endpoint.swift in Sources */ = {isa = PBXBuildFile; fileRef = 9BF2E79D20B0DBCD00D09D2D /* Endpoint.swift */; };
		9BF2E7A220B1585D00D09D2D /* Source.swift in Sources */ = {isa = PBXBuildFile; fileRef = 9BF2E7A120B1585D00D09D2D /* Source.swift */; };
/* End PBXBuildFile section */

/* Begin PBXFileReference section */
		01855A58CDB56E5398250889 /* Pods-News.release.xcconfig */ = {isa = PBXFileReference; includeInIndex = 1; lastKnownFileType = text.xcconfig; name = "Pods-News.release.xcconfig"; path = "Pods/Target Support Files/Pods-News/Pods-News.release.xcconfig"; sourceTree = "<group>"; };
		73870945AB4232DED8610B55 /* Pods_News.framework */ = {isa = PBXFileReference; explicitFileType = wrapper.framework; includeInIndex = 0; path = Pods_News.framework; sourceTree = BUILT_PRODUCTS_DIR; };
		73A6EA74AC1A69195E63FC8A /* Pods-News.debug.xcconfig */ = {isa = PBXFileReference; includeInIndex = 1; lastKnownFileType = text.xcconfig; name = "Pods-News.debug.xcconfig"; path = "Pods/Target Support Files/Pods-News/Pods-News.debug.xcconfig"; sourceTree = "<group>"; };
		9B004F7820BAA6510094776E /* ChannelsViewController.swift */ = {isa = PBXFileReference; lastKnownFileType = sourcecode.swift; path = ChannelsViewController.swift; sourceTree = "<group>"; };
		9B004F7A20BAA6B50094776E /* BaseViewController.swift */ = {isa = PBXFileReference; lastKnownFileType = sourcecode.swift; path = BaseViewController.swift; sourceTree = "<group>"; };
		9B004F7C20BAA6C90094776E /* TableViewController.swift */ = {isa = PBXFileReference; lastKnownFileType = sourcecode.swift; path = TableViewController.swift; sourceTree = "<group>"; };
		9B004F7F20BAB3EC0094776E /* RealmManger.swift */ = {isa = PBXFileReference; lastKnownFileType = sourcecode.swift; path = RealmManger.swift; sourceTree = "<group>"; };
		9B004F8120BAC1CB0094776E /* FavoriteChannelsViewController.swift */ = {isa = PBXFileReference; lastKnownFileType = sourcecode.swift; path = FavoriteChannelsViewController.swift; sourceTree = "<group>"; };
		9B28FC1E20BA9D530075C72D /* DesignableView.swift */ = {isa = PBXFileReference; fileEncoding = 4; lastKnownFileType = sourcecode.swift; path = DesignableView.swift; sourceTree = "<group>"; };
		9B33DE7720B176D30096D850 /* TableViewStructureDelegates.swift */ = {isa = PBXFileReference; fileEncoding = 4; lastKnownFileType = sourcecode.swift; path = TableViewStructureDelegates.swift; sourceTree = "<group>"; };
		9B33DE7920B177020096D850 /* BaseSectionHeaderView.swift */ = {isa = PBXFileReference; fileEncoding = 4; lastKnownFileType = sourcecode.swift; path = BaseSectionHeaderView.swift; sourceTree = "<group>"; };
		9B33DE7A20B177030096D850 /* BaseSectionHeaderView.xib */ = {isa = PBXFileReference; fileEncoding = 4; lastKnownFileType = file.xib; path = BaseSectionHeaderView.xib; sourceTree = "<group>"; };
		9B33DE8020B177360096D850 /* BaseTableViewCell.swift */ = {isa = PBXFileReference; fileEncoding = 4; lastKnownFileType = sourcecode.swift; path = BaseTableViewCell.swift; sourceTree = "<group>"; };
		9B33DE8220B177410096D850 /* BaseCellModel.swift */ = {isa = PBXFileReference; fileEncoding = 4; lastKnownFileType = sourcecode.swift; path = BaseCellModel.swift; sourceTree = "<group>"; };
		9B33DE8320B177420096D850 /* BaseSectionHeaderModel.swift */ = {isa = PBXFileReference; fileEncoding = 4; lastKnownFileType = sourcecode.swift; path = BaseSectionHeaderModel.swift; sourceTree = "<group>"; };
		9B33DE8620B177660096D850 /* SimpleHeaderModel.swift */ = {isa = PBXFileReference; fileEncoding = 4; lastKnownFileType = sourcecode.swift; path = SimpleHeaderModel.swift; sourceTree = "<group>"; };
		9B33DE8920B178360096D850 /* SourceTableViewCell.swift */ = {isa = PBXFileReference; lastKnownFileType = sourcecode.swift; path = SourceTableViewCell.swift; sourceTree = "<group>"; };
		9B33DE8A20B178360096D850 /* SourceTableViewCell.xib */ = {isa = PBXFileReference; lastKnownFileType = file.xib; path = SourceTableViewCell.xib; sourceTree = "<group>"; };
		9B33DE8D20B178880096D850 /* SourceCellModel.swift */ = {isa = PBXFileReference; lastKnownFileType = sourcecode.swift; path = SourceCellModel.swift; sourceTree = "<group>"; };
		9BF2E77F20B0D54C00D09D2D /* News.app */ = {isa = PBXFileReference; explicitFileType = wrapper.application; includeInIndex = 0; path = News.app; sourceTree = BUILT_PRODUCTS_DIR; };
		9BF2E78220B0D54C00D09D2D /* AppDelegate.swift */ = {isa = PBXFileReference; lastKnownFileType = sourcecode.swift; path = AppDelegate.swift; sourceTree = "<group>"; };
		9BF2E78720B0D54C00D09D2D /* Base */ = {isa = PBXFileReference; lastKnownFileType = file.storyboard; name = Base; path = Base.lproj/Main.storyboard; sourceTree = "<group>"; };
		9BF2E78920B0D54E00D09D2D /* Assets.xcassets */ = {isa = PBXFileReference; lastKnownFileType = folder.assetcatalog; path = Assets.xcassets; sourceTree = "<group>"; };
		9BF2E78C20B0D54E00D09D2D /* Base */ = {isa = PBXFileReference; lastKnownFileType = file.storyboard; name = Base; path = Base.lproj/LaunchScreen.storyboard; sourceTree = "<group>"; };
		9BF2E78E20B0D54E00D09D2D /* Info.plist */ = {isa = PBXFileReference; lastKnownFileType = text.plist.xml; path = Info.plist; sourceTree = "<group>"; };
		9BF2E79820B0DAC700D09D2D /* NetworkingManager.swift */ = {isa = PBXFileReference; lastKnownFileType = sourcecode.swift; path = NetworkingManager.swift; sourceTree = "<group>"; };
		9BF2E79B20B0DB3200D09D2D /* Constants.swift */ = {isa = PBXFileReference; lastKnownFileType = sourcecode.swift; path = Constants.swift; sourceTree = "<group>"; };
		9BF2E79D20B0DBCD00D09D2D /* Endpoint.swift */ = {isa = PBXFileReference; lastKnownFileType = sourcecode.swift; path = Endpoint.swift; sourceTree = "<group>"; };
		9BF2E7A120B1585D00D09D2D /* Source.swift */ = {isa = PBXFileReference; lastKnownFileType = sourcecode.swift; path = Source.swift; sourceTree = "<group>"; };
/* End PBXFileReference section */

/* Begin PBXFrameworksBuildPhase section */
		9BF2E77C20B0D54C00D09D2D /* Frameworks */ = {
			isa = PBXFrameworksBuildPhase;
			buildActionMask = 2147483647;
			files = (
				5E3C61D6C75495BDBAF6ACD0 /* Pods_News.framework in Frameworks */,
			);
			runOnlyForDeploymentPostprocessing = 0;
		};
/* End PBXFrameworksBuildPhase section */

/* Begin PBXGroup section */
		1EB669CA06A845906BFFF579 /* Pods */ = {
			isa = PBXGroup;
			children = (
				73A6EA74AC1A69195E63FC8A /* Pods-News.debug.xcconfig */,
				01855A58CDB56E5398250889 /* Pods-News.release.xcconfig */,
			);
			name = Pods;
			sourceTree = "<group>";
		};
		2DF242E283E562DEC7AEC05E /* Frameworks */ = {
			isa = PBXGroup;
			children = (
				73870945AB4232DED8610B55 /* Pods_News.framework */,
			);
			name = Frameworks;
			sourceTree = "<group>";
		};
		9B004F7E20BAB3A90094776E /* Database */ = {
			isa = PBXGroup;
			children = (
				9B004F7F20BAB3EC0094776E /* RealmManger.swift */,
			);
			path = Database;
			sourceTree = "<group>";
		};
		9B33DE7D20B177090096D850 /* BaseSectionHeaderView */ = {
			isa = PBXGroup;
			children = (
				9B33DE7920B177020096D850 /* BaseSectionHeaderView.swift */,
				9B33DE7A20B177030096D850 /* BaseSectionHeaderView.xib */,
			);
			name = BaseSectionHeaderView;
			sourceTree = "<group>";
		};
		9B33DE7E20B177180096D850 /* RealmModels */ = {
			isa = PBXGroup;
			children = (
				9BF2E7A120B1585D00D09D2D /* Source.swift */,
			);
			path = RealmModels;
			sourceTree = "<group>";
		};
		9B33DE7F20B177210096D850 /* StructureModels */ = {
			isa = PBXGroup;
			children = (
				9B33DE8220B177410096D850 /* BaseCellModel.swift */,
				9B33DE8320B177420096D850 /* BaseSectionHeaderModel.swift */,
				9B33DE8620B177660096D850 /* SimpleHeaderModel.swift */,
				9B33DE8D20B178880096D850 /* SourceCellModel.swift */,
			);
			path = StructureModels;
			sourceTree = "<group>";
		};
		9B33DE8820B178150096D850 /* SourceTableViewCell */ = {
			isa = PBXGroup;
			children = (
				9B33DE8920B178360096D850 /* SourceTableViewCell.swift */,
				9B33DE8A20B178360096D850 /* SourceTableViewCell.xib */,
			);
			name = SourceTableViewCell;
			sourceTree = "<group>";
		};
		9BF2E77620B0D54C00D09D2D = {
			isa = PBXGroup;
			children = (
				9BF2E78120B0D54C00D09D2D /* News */,
				9BF2E78020B0D54C00D09D2D /* Products */,
				1EB669CA06A845906BFFF579 /* Pods */,
				2DF242E283E562DEC7AEC05E /* Frameworks */,
			);
			sourceTree = "<group>";
		};
		9BF2E78020B0D54C00D09D2D /* Products */ = {
			isa = PBXGroup;
			children = (
				9BF2E77F20B0D54C00D09D2D /* News.app */,
			);
			name = Products;
			sourceTree = "<group>";
		};
		9BF2E78120B0D54C00D09D2D /* News */ = {
			isa = PBXGroup;
			children = (
				9BF2E78220B0D54C00D09D2D /* AppDelegate.swift */,
				9BF2E79A20B0DB1C00D09D2D /* Helpers */,
				9B004F7E20BAB3A90094776E /* Database */,
				9BF2E79420B0D95200D09D2D /* Networking */,
				9BF2E79520B0D95F00D09D2D /* Models */,
				9BF2E79620B0D96600D09D2D /* Views */,
				9BF2E79720B0D96A00D09D2D /* Controllers */,
				9BF2E78920B0D54E00D09D2D /* Assets.xcassets */,
				9BF2E78620B0D54C00D09D2D /* Main.storyboard */,
				9BF2E78B20B0D54E00D09D2D /* LaunchScreen.storyboard */,
				9BF2E78E20B0D54E00D09D2D /* Info.plist */,
			);
			path = News;
			sourceTree = "<group>";
		};
		9BF2E79420B0D95200D09D2D /* Networking */ = {
			isa = PBXGroup;
			children = (
				9BF2E79820B0DAC700D09D2D /* NetworkingManager.swift */,
				9BF2E79D20B0DBCD00D09D2D /* Endpoint.swift */,
			);
			path = Networking;
			sourceTree = "<group>";
		};
		9BF2E79520B0D95F00D09D2D /* Models */ = {
			isa = PBXGroup;
			children = (
				9B33DE7F20B177210096D850 /* StructureModels */,
				9B33DE7E20B177180096D850 /* RealmModels */,
			);
			path = Models;
			sourceTree = "<group>";
		};
		9BF2E79620B0D96600D09D2D /* Views */ = {
			isa = PBXGroup;
			children = (
				9B28FC1E20BA9D530075C72D /* DesignableView.swift */,
				9B33DE8020B177360096D850 /* BaseTableViewCell.swift */,
				9B33DE8820B178150096D850 /* SourceTableViewCell */,
				9B33DE7D20B177090096D850 /* BaseSectionHeaderView */,
			);
			path = Views;
			sourceTree = "<group>";
		};
		9BF2E79720B0D96A00D09D2D /* Controllers */ = {
			isa = PBXGroup;
			children = (
				9B004F7A20BAA6B50094776E /* BaseViewController.swift */,
				9B004F7C20BAA6C90094776E /* TableViewController.swift */,
				9B004F7820BAA6510094776E /* ChannelsViewController.swift */,
				9B004F8120BAC1CB0094776E /* FavoriteChannelsViewController.swift */,
			);
			path = Controllers;
			sourceTree = "<group>";
		};
		9BF2E79A20B0DB1C00D09D2D /* Helpers */ = {
			isa = PBXGroup;
			children = (
				9BF2E79B20B0DB3200D09D2D /* Constants.swift */,
				9B33DE7720B176D30096D850 /* TableViewStructureDelegates.swift */,
			);
			path = Helpers;
			sourceTree = "<group>";
		};
/* End PBXGroup section */

/* Begin PBXNativeTarget section */
		9BF2E77E20B0D54C00D09D2D /* News */ = {
			isa = PBXNativeTarget;
			buildConfigurationList = 9BF2E79120B0D54E00D09D2D /* Build configuration list for PBXNativeTarget "News" */;
			buildPhases = (
				44DAB70E8F524E8E3CB3D82D /* [CP] Check Pods Manifest.lock */,
				9BF2E77B20B0D54C00D09D2D /* Sources */,
				9BF2E77C20B0D54C00D09D2D /* Frameworks */,
				9BF2E77D20B0D54C00D09D2D /* Resources */,
				060994B02B9BE6FD973A608C /* [CP] Embed Pods Frameworks */,
			);
			buildRules = (
			);
			dependencies = (
			);
			name = News;
			productName = News;
			productReference = 9BF2E77F20B0D54C00D09D2D /* News.app */;
			productType = "com.apple.product-type.application";
		};
/* End PBXNativeTarget section */

/* Begin PBXProject section */
		9BF2E77720B0D54C00D09D2D /* Project object */ = {
			isa = PBXProject;
			attributes = {
				LastSwiftUpdateCheck = 0930;
				LastUpgradeCheck = 0930;
				ORGANIZATIONNAME = Blinov;
				TargetAttributes = {
					9BF2E77E20B0D54C00D09D2D = {
						CreatedOnToolsVersion = 9.3;
					};
				};
			};
			buildConfigurationList = 9BF2E77A20B0D54C00D09D2D /* Build configuration list for PBXProject "News" */;
			compatibilityVersion = "Xcode 9.3";
			developmentRegion = en;
			hasScannedForEncodings = 0;
			knownRegions = (
				en,
				Base,
			);
			mainGroup = 9BF2E77620B0D54C00D09D2D;
			productRefGroup = 9BF2E78020B0D54C00D09D2D /* Products */;
			projectDirPath = "";
			projectRoot = "";
			targets = (
				9BF2E77E20B0D54C00D09D2D /* News */,
			);
		};
/* End PBXProject section */

/* Begin PBXResourcesBuildPhase section */
		9BF2E77D20B0D54C00D09D2D /* Resources */ = {
			isa = PBXResourcesBuildPhase;
			buildActionMask = 2147483647;
			files = (
				9BF2E78D20B0D54E00D09D2D /* LaunchScreen.storyboard in Resources */,
				9B33DE8C20B178360096D850 /* SourceTableViewCell.xib in Resources */,
				9BF2E78A20B0D54E00D09D2D /* Assets.xcassets in Resources */,
				9B33DE7C20B177030096D850 /* BaseSectionHeaderView.xib in Resources */,
				9BF2E78820B0D54C00D09D2D /* Main.storyboard in Resources */,
			);
			runOnlyForDeploymentPostprocessing = 0;
		};
/* End PBXResourcesBuildPhase section */

/* Begin PBXShellScriptBuildPhase section */
		060994B02B9BE6FD973A608C /* [CP] Embed Pods Frameworks */ = {
			isa = PBXShellScriptBuildPhase;
			buildActionMask = 2147483647;
			files = (
			);
			inputPaths = (
				"${SRCROOT}/Pods/Target Support Files/Pods-News/Pods-News-frameworks.sh",
				"${BUILT_PRODUCTS_DIR}/Alamofire/Alamofire.framework",
				"${BUILT_PRODUCTS_DIR}/CodableAlamofire/CodableAlamofire.framework",
				"${BUILT_PRODUCTS_DIR}/FaveButton/FaveButton.framework",
				"${BUILT_PRODUCTS_DIR}/Realm/Realm.framework",
				"${BUILT_PRODUCTS_DIR}/RealmSwift/RealmSwift.framework",
			);
			name = "[CP] Embed Pods Frameworks";
			outputPaths = (
				"${TARGET_BUILD_DIR}/${FRAMEWORKS_FOLDER_PATH}/Alamofire.framework",
				"${TARGET_BUILD_DIR}/${FRAMEWORKS_FOLDER_PATH}/CodableAlamofire.framework",
				"${TARGET_BUILD_DIR}/${FRAMEWORKS_FOLDER_PATH}/FaveButton.framework",
				"${TARGET_BUILD_DIR}/${FRAMEWORKS_FOLDER_PATH}/Realm.framework",
				"${TARGET_BUILD_DIR}/${FRAMEWORKS_FOLDER_PATH}/RealmSwift.framework",
			);
			runOnlyForDeploymentPostprocessing = 0;
			shellPath = /bin/sh;
			shellScript = "\"${SRCROOT}/Pods/Target Support Files/Pods-News/Pods-News-frameworks.sh\"\n";
			showEnvVarsInLog = 0;
		};
		44DAB70E8F524E8E3CB3D82D /* [CP] Check Pods Manifest.lock */ = {
			isa = PBXShellScriptBuildPhase;
			buildActionMask = 2147483647;
			files = (
			);
			inputPaths = (
				"${PODS_PODFILE_DIR_PATH}/Podfile.lock",
				"${PODS_ROOT}/Manifest.lock",
			);
			name = "[CP] Check Pods Manifest.lock";
			outputPaths = (
				"$(DERIVED_FILE_DIR)/Pods-News-checkManifestLockResult.txt",
			);
			runOnlyForDeploymentPostprocessing = 0;
			shellPath = /bin/sh;
			shellScript = "diff \"${PODS_PODFILE_DIR_PATH}/Podfile.lock\" \"${PODS_ROOT}/Manifest.lock\" > /dev/null\nif [ $? != 0 ] ; then\n    # print error to STDERR\n    echo \"error: The sandbox is not in sync with the Podfile.lock. Run 'pod install' or update your CocoaPods installation.\" >&2\n    exit 1\nfi\n# This output is used by Xcode 'outputs' to avoid re-running this script phase.\necho \"SUCCESS\" > \"${SCRIPT_OUTPUT_FILE_0}\"\n";
			showEnvVarsInLog = 0;
		};
/* End PBXShellScriptBuildPhase section */

/* Begin PBXSourcesBuildPhase section */
		9BF2E77B20B0D54C00D09D2D /* Sources */ = {
			isa = PBXSourcesBuildPhase;
			buildActionMask = 2147483647;
			files = (
				9BF2E79920B0DAC700D09D2D /* NetworkingManager.swift in Sources */,
				9B004F7920BAA6510094776E /* ChannelsViewController.swift in Sources */,
				9B28FC1F20BA9D530075C72D /* DesignableView.swift in Sources */,
				9B33DE8B20B178360096D850 /* SourceTableViewCell.swift in Sources */,
				9B33DE8420B177420096D850 /* BaseCellModel.swift in Sources */,
				9B33DE7B20B177030096D850 /* BaseSectionHeaderView.swift in Sources */,
				9B004F7D20BAA6C90094776E /* TableViewController.swift in Sources */,
				9B004F8020BAB3EC0094776E /* RealmManger.swift in Sources */,
				9B004F7B20BAA6B50094776E /* BaseViewController.swift in Sources */,
				9BF2E78320B0D54C00D09D2D /* AppDelegate.swift in Sources */,
				9B33DE8120B177360096D850 /* BaseTableViewCell.swift in Sources */,
				9B33DE8720B177660096D850 /* SimpleHeaderModel.swift in Sources */,
				9B33DE8E20B178880096D850 /* SourceCellModel.swift in Sources */,
				9B33DE8520B177420096D850 /* BaseSectionHeaderModel.swift in Sources */,
				9BF2E7A220B1585D00D09D2D /* Source.swift in Sources */,
				9B004F8220BAC1CB0094776E /* FavoriteChannelsViewController.swift in Sources */,
				9BF2E79C20B0DB3200D09D2D /* Constants.swift in Sources */,
				9B33DE7820B176D30096D850 /* TableViewStructureDelegates.swift in Sources */,
				9BF2E79E20B0DBCD00D09D2D /* Endpoint.swift in Sources */,
			);
			runOnlyForDeploymentPostprocessing = 0;
		};
/* End PBXSourcesBuildPhase section */

/* Begin PBXVariantGroup section */
		9BF2E78620B0D54C00D09D2D /* Main.storyboard */ = {
			isa = PBXVariantGroup;
			children = (
				9BF2E78720B0D54C00D09D2D /* Base */,
			);
			name = Main.storyboard;
			sourceTree = "<group>";
		};
		9BF2E78B20B0D54E00D09D2D /* LaunchScreen.storyboard */ = {
			isa = PBXVariantGroup;
			children = (
				9BF2E78C20B0D54E00D09D2D /* Base */,
			);
			name = LaunchScreen.storyboard;
			sourceTree = "<group>";
		};
/* End PBXVariantGroup section */

/* Begin XCBuildConfiguration section */
		9BF2E78F20B0D54E00D09D2D /* Debug */ = {
			isa = XCBuildConfiguration;
			buildSettings = {
				ALWAYS_SEARCH_USER_PATHS = NO;
				CLANG_ANALYZER_NONNULL = YES;
				CLANG_ANALYZER_NUMBER_OBJECT_CONVERSION = YES_AGGRESSIVE;
				CLANG_CXX_LANGUAGE_STANDARD = "gnu++14";
				CLANG_CXX_LIBRARY = "libc++";
				CLANG_ENABLE_MODULES = YES;
				CLANG_ENABLE_OBJC_ARC = YES;
				CLANG_ENABLE_OBJC_WEAK = YES;
				CLANG_WARN_BLOCK_CAPTURE_AUTORELEASING = YES;
				CLANG_WARN_BOOL_CONVERSION = YES;
				CLANG_WARN_COMMA = YES;
				CLANG_WARN_CONSTANT_CONVERSION = YES;
				CLANG_WARN_DEPRECATED_OBJC_IMPLEMENTATIONS = YES;
				CLANG_WARN_DIRECT_OBJC_ISA_USAGE = YES_ERROR;
				CLANG_WARN_DOCUMENTATION_COMMENTS = YES;
				CLANG_WARN_EMPTY_BODY = YES;
				CLANG_WARN_ENUM_CONVERSION = YES;
				CLANG_WARN_INFINITE_RECURSION = YES;
				CLANG_WARN_INT_CONVERSION = YES;
				CLANG_WARN_NON_LITERAL_NULL_CONVERSION = YES;
				CLANG_WARN_OBJC_IMPLICIT_RETAIN_SELF = YES;
				CLANG_WARN_OBJC_LITERAL_CONVERSION = YES;
				CLANG_WARN_OBJC_ROOT_CLASS = YES_ERROR;
				CLANG_WARN_RANGE_LOOP_ANALYSIS = YES;
				CLANG_WARN_STRICT_PROTOTYPES = YES;
				CLANG_WARN_SUSPICIOUS_MOVE = YES;
				CLANG_WARN_UNGUARDED_AVAILABILITY = YES_AGGRESSIVE;
				CLANG_WARN_UNREACHABLE_CODE = YES;
				CLANG_WARN__DUPLICATE_METHOD_MATCH = YES;
				CODE_SIGN_IDENTITY = "iPhone Developer";
				COPY_PHASE_STRIP = NO;
				DEBUG_INFORMATION_FORMAT = dwarf;
				ENABLE_STRICT_OBJC_MSGSEND = YES;
				ENABLE_TESTABILITY = YES;
				GCC_C_LANGUAGE_STANDARD = gnu11;
				GCC_DYNAMIC_NO_PIC = NO;
				GCC_NO_COMMON_BLOCKS = YES;
				GCC_OPTIMIZATION_LEVEL = 0;
				GCC_PREPROCESSOR_DEFINITIONS = (
					"DEBUG=1",
					"$(inherited)",
				);
				GCC_WARN_64_TO_32_BIT_CONVERSION = YES;
				GCC_WARN_ABOUT_RETURN_TYPE = YES_ERROR;
				GCC_WARN_UNDECLARED_SELECTOR = YES;
				GCC_WARN_UNINITIALIZED_AUTOS = YES_AGGRESSIVE;
				GCC_WARN_UNUSED_FUNCTION = YES;
				GCC_WARN_UNUSED_VARIABLE = YES;
				IPHONEOS_DEPLOYMENT_TARGET = 11.3;
				MTL_ENABLE_DEBUG_INFO = YES;
				ONLY_ACTIVE_ARCH = YES;
				SDKROOT = iphoneos;
				SWIFT_ACTIVE_COMPILATION_CONDITIONS = DEBUG;
				SWIFT_OPTIMIZATION_LEVEL = "-Onone";
			};
			name = Debug;
		};
		9BF2E79020B0D54E00D09D2D /* Release */ = {
			isa = XCBuildConfiguration;
			buildSettings = {
				ALWAYS_SEARCH_USER_PATHS = NO;
				CLANG_ANALYZER_NONNULL = YES;
				CLANG_ANALYZER_NUMBER_OBJECT_CONVERSION = YES_AGGRESSIVE;
				CLANG_CXX_LANGUAGE_STANDARD = "gnu++14";
				CLANG_CXX_LIBRARY = "libc++";
				CLANG_ENABLE_MODULES = YES;
				CLANG_ENABLE_OBJC_ARC = YES;
				CLANG_ENABLE_OBJC_WEAK = YES;
				CLANG_WARN_BLOCK_CAPTURE_AUTORELEASING = YES;
				CLANG_WARN_BOOL_CONVERSION = YES;
				CLANG_WARN_COMMA = YES;
				CLANG_WARN_CONSTANT_CONVERSION = YES;
				CLANG_WARN_DEPRECATED_OBJC_IMPLEMENTATIONS = YES;
				CLANG_WARN_DIRECT_OBJC_ISA_USAGE = YES_ERROR;
				CLANG_WARN_DOCUMENTATION_COMMENTS = YES;
				CLANG_WARN_EMPTY_BODY = YES;
				CLANG_WARN_ENUM_CONVERSION = YES;
				CLANG_WARN_INFINITE_RECURSION = YES;
				CLANG_WARN_INT_CONVERSION = YES;
				CLANG_WARN_NON_LITERAL_NULL_CONVERSION = YES;
				CLANG_WARN_OBJC_IMPLICIT_RETAIN_SELF = YES;
				CLANG_WARN_OBJC_LITERAL_CONVERSION = YES;
				CLANG_WARN_OBJC_ROOT_CLASS = YES_ERROR;
				CLANG_WARN_RANGE_LOOP_ANALYSIS = YES;
				CLANG_WARN_STRICT_PROTOTYPES = YES;
				CLANG_WARN_SUSPICIOUS_MOVE = YES;
				CLANG_WARN_UNGUARDED_AVAILABILITY = YES_AGGRESSIVE;
				CLANG_WARN_UNREACHABLE_CODE = YES;
				CLANG_WARN__DUPLICATE_METHOD_MATCH = YES;
				CODE_SIGN_IDENTITY = "iPhone Developer";
				COPY_PHASE_STRIP = NO;
				DEBUG_INFORMATION_FORMAT = "dwarf-with-dsym";
				ENABLE_NS_ASSERTIONS = NO;
				ENABLE_STRICT_OBJC_MSGSEND = YES;
				GCC_C_LANGUAGE_STANDARD = gnu11;
				GCC_NO_COMMON_BLOCKS = YES;
				GCC_WARN_64_TO_32_BIT_CONVERSION = YES;
				GCC_WARN_ABOUT_RETURN_TYPE = YES_ERROR;
				GCC_WARN_UNDECLARED_SELECTOR = YES;
				GCC_WARN_UNINITIALIZED_AUTOS = YES_AGGRESSIVE;
				GCC_WARN_UNUSED_FUNCTION = YES;
				GCC_WARN_UNUSED_VARIABLE = YES;
				IPHONEOS_DEPLOYMENT_TARGET = 11.3;
				MTL_ENABLE_DEBUG_INFO = NO;
				SDKROOT = iphoneos;
				SWIFT_COMPILATION_MODE = wholemodule;
				SWIFT_OPTIMIZATION_LEVEL = "-O";
				VALIDATE_PRODUCT = YES;
			};
			name = Release;
		};
		9BF2E79220B0D54E00D09D2D /* Debug */ = {
			isa = XCBuildConfiguration;
			baseConfigurationReference = 73A6EA74AC1A69195E63FC8A /* Pods-News.debug.xcconfig */;
			buildSettings = {
				ASSETCATALOG_COMPILER_APPICON_NAME = AppIcon;
				CODE_SIGN_STYLE = Automatic;
				DEVELOPMENT_TEAM = K79SDG2A3G;
				INFOPLIST_FILE = News/Info.plist;
				IPHONEOS_DEPLOYMENT_TARGET = 10.0;
				LD_RUNPATH_SEARCH_PATHS = (
					"$(inherited)",
					"@executable_path/Frameworks",
				);
				PRODUCT_BUNDLE_IDENTIFIER = ru.blinovdev.News;
				PRODUCT_NAME = "$(TARGET_NAME)";
				SWIFT_VERSION = 4.0;
				TARGETED_DEVICE_FAMILY = "1,2";
			};
			name = Debug;
		};
		9BF2E79320B0D54E00D09D2D /* Release */ = {
			isa = XCBuildConfiguration;
			baseConfigurationReference = 01855A58CDB56E5398250889 /* Pods-News.release.xcconfig */;
			buildSettings = {
				ASSETCATALOG_COMPILER_APPICON_NAME = AppIcon;
				CODE_SIGN_STYLE = Automatic;
				DEVELOPMENT_TEAM = K79SDG2A3G;
				INFOPLIST_FILE = News/Info.plist;
				IPHONEOS_DEPLOYMENT_TARGET = 10.0;
				LD_RUNPATH_SEARCH_PATHS = (
					"$(inherited)",
					"@executable_path/Frameworks",
				);
				PRODUCT_BUNDLE_IDENTIFIER = ru.blinovdev.News;
				PRODUCT_NAME = "$(TARGET_NAME)";
				SWIFT_VERSION = 4.0;
				TARGETED_DEVICE_FAMILY = "1,2";
			};
			name = Release;
		};
/* End XCBuildConfiguration section */

/* Begin XCConfigurationList section */
		9BF2E77A20B0D54C00D09D2D /* Build configuration list for PBXProject "News" */ = {
			isa = XCConfigurationList;
			buildConfigurations = (
				9BF2E78F20B0D54E00D09D2D /* Debug */,
				9BF2E79020B0D54E00D09D2D /* Release */,
			);
			defaultConfigurationIsVisible = 0;
			defaultConfigurationName = Release;
		};
		9BF2E79120B0D54E00D09D2D /* Build configuration list for PBXNativeTarget "News" */ = {
			isa = XCConfigurationList;
			buildConfigurations = (
				9BF2E79220B0D54E00D09D2D /* Debug */,
				9BF2E79320B0D54E00D09D2D /* Release */,
			);
			defaultConfigurationIsVisible = 0;
			defaultConfigurationName = Release;
		};
/* End XCConfigurationList section */
	};
	rootObject = 9BF2E77720B0D54C00D09D2D /* Project object */;
}
